lockfileVersion: '9.0'

settings:
  autoInstallPeers: true
  excludeLinksFromLockfile: false

importers:

  .:
    dependencies:
      d3-geo:
        specifier: ^3.1.1
        version: 3.1.1
      d3-geo-projection:
        specifier: ^4.0.0
        version: 4.0.0
      topojson-client:
        specifier: ^3.1.0
        version: 3.1.0
      topojson-simplify:
        specifier: ^3.0.3
        version: 3.0.3

packages:

  commander@2.20.3:
    resolution: {integrity: sha512-GpVkmM8vF2vQUkj2LvZmD35JxeJOLCwJ9cUkugyk2nuhbv3+mJvpLYYt+0+USMxE+oj+ey/lJEnhZw75x/OMcQ==}

  commander@7.2.0:
    resolution: {integrity: sha512-QrWXB+ZQSVPmIWIhtEO9H+gwHaMGYiF5ChvoJ+K9ZGHG/sVsa6yiesAD1GC/x46sET00Xlwo1u49RVVVzvcSkw==}
    engines: {node: '>= 10'}

  d3-array@3.2.4:
    resolution: {integrity: sha512-tdQAmyA18i4J7wprpYq8ClcxZy3SC31QMeByyCFyRt7BVHdREQZ5lpzoe5mFEYZUWe+oq8HBvk9JjpibyEV4Jg==}
    engines: {node: '>=12'}

  d3-geo-projection@4.0.0:
    resolution: {integrity: sha512-p0bK60CEzph1iqmnxut7d/1kyTmm3UWtPlwdkM31AU+LW+BXazd5zJdoCn7VFxNCHXRngPHRnsNn5uGjLRGndg==}
    engines: {node: '>=12'}
    hasBin: true

  d3-geo@3.1.1:
    resolution: {integrity: sha512-637ln3gXKXOwhalDzinUgY83KzNWZRKbYubaG+fGVuc/dxO64RRljtCTnf5ecMyE1RIdtqpkVcq0IbtU2S8j2Q==}
    engines: {node: '>=12'}

  internmap@2.0.3:
    resolution: {integrity: sha512-5Hh7Y1wQbvY5ooGgPbDaL5iYLAPzMTUrjMulskHLH6wnv/A+1q5rgEaiuqEjB+oxGXIVZs1FF+R/KPN3ZSQYYg==}
    engines: {node: '>=12'}

  topojson-client@3.1.0:
    resolution: {integrity: sha512-605uxS6bcYxGXw9qi62XyrV6Q3xwbndjachmNxu8HWTtVPxZfEJN9fd/SZS1Q54Sn2y0TMyMxFj/cJINqGHrKw==}
    hasBin: true

  topojson-simplify@3.0.3:
    resolution: {integrity: sha512-V+pBjLVzSQ3+hSOxBiV01OVXgFiCmMO8ia3huxKEyIMTC1ApQHBcdXdOqcQ6U2JJJD31TZduwY6KyF15R8sUgg==}
    hasBin: true

snapshots:

  commander@2.20.3: {}

  commander@7.2.0: {}

  d3-array@3.2.4:
    dependencies:
      internmap: 2.0.3

  d3-geo-projection@4.0.0:
    dependencies:
      commander: 7.2.0
      d3-array: 3.2.4
      d3-geo: 3.1.1

  d3-geo@3.1.1:
    dependencies:
      d3-array: 3.2.4

  internmap@2.0.3: {}

  topojson-client@3.1.0:
    dependencies:
      commander: 2.20.3

  topojson-simplify@3.0.3:
    dependencies:
      commander: 2.20.3
      topojson-client: 3.1.0
